
Microsoft Visual Studio Solution File, Format Version 12.00
# Visual Studio Version 16
VisualStudioVersion = 16.0.31515.178
MinimumVisualStudioVersion = 10.0.40219.1
Project("{9A19103F-16F7-4668-BE54-9A1E7A4F7556}") = "MISA.CukCuk", "MISA.CukCuk\MISA.CukCuk.csproj", "{8AA1324C-BCFF-4FEA-BE1F-747596BA57AB}"
EndProject
Project("{FAE04EC0-301F-11D3-BF4B-00C04F79EFBC}") = "MISA.Core", "MISA.Core\MISA.Core.csproj", "{091E930D-3BD5-44C4-955C-826C72FF12D3}"
EndProject
Project("{FAE04EC0-301F-11D3-BF4B-00C04F79EFBC}") = "MISA.Infrastructure", "MISA.Infrastructure\MISA.Infrastructure.csproj", "{0E2AF9E4-4F52-41D5-9BE9-CD1788B0C7CB}"
EndProject
Global
	GlobalSection(SolutionConfigurationPlatforms) = preSolution
		Debug|Any CPU = Debug|Any CPU
		Release|Any CPU = Release|Any CPU
	EndGlobalSection
	GlobalSection(ProjectConfigurationPlatforms) = postSolution
		{8AA1324C-BCFF-4FEA-BE1F-747596BA57AB}.Debug|Any CPU.ActiveCfg = Debug|Any CPU
		{8AA1324C-BCFF-4FEA-BE1F-747596BA57AB}.Debug|Any CPU.Build.0 = Debug|Any CPU
		{8AA1324C-BCFF-4FEA-BE1F-747596BA57AB}.Release|Any CPU.ActiveCfg = Release|Any CPU
		{8AA1324C-BCFF-4FEA-BE1F-747596BA57AB}.Release|Any CPU.Build.0 = Release|Any CPU
		{091E930D-3BD5-44C4-955C-826C72FF12D3}.Debug|Any CPU.ActiveCfg = Debug|Any CPU
		{091E930D-3BD5-44C4-955C-826C72FF12D3}.Debug|Any CPU.Build.0 = Debug|Any CPU
		{091E930D-3BD5-44C4-955C-826C72FF12D3}.Release|Any CPU.ActiveCfg = Release|Any CPU
		{091E930D-3BD5-44C4-955C-826C72FF12D3}.Release|Any CPU.Build.0 = Release|Any CPU
		{0E2AF9E4-4F52-41D5-9BE9-CD1788B0C7CB}.Debug|Any CPU.ActiveCfg = Debug|Any CPU
		{0E2AF9E4-4F52-41D5-9BE9-CD1788B0C7CB}.Debug|Any CPU.Build.0 = Debug|Any CPU
		{0E2AF9E4-4F52-41D5-9BE9-CD1788B0C7CB}.Release|Any CPU.ActiveCfg = Release|Any CPU
		{0E2AF9E4-4F52-41D5-9BE9-CD1788B0C7CB}.Release|Any CPU.Build.0 = Release|Any CPU
	EndGlobalSection
	GlobalSection(SolutionProperties) = preSolution
		HideSolutionNode = FALSE
	EndGlobalSection
	GlobalSection(ExtensibilityGlobals) = postSolution
		SolutionGuid = {7A302516-2273-4086-B413-4EB7A680675F}
	EndGlobalSection
EndGlobal
